// !$*UTF8*$!
{
	archiveVersion = 1;
	classes = {
	};
	objectVersion = 46;
	objects = {

/* Begin PBXBuildFile section */
		56C860751C1C28FF00D44C43 /* AppDelegate.swift in Sources */ = {isa = PBXBuildFile; fileRef = 56C860741C1C28FF00D44C43 /* AppDelegate.swift */; };
		56C860771C1C28FF00D44C43 /* ViewController.swift in Sources */ = {isa = PBXBuildFile; fileRef = 56C860761C1C28FF00D44C43 /* ViewController.swift */; };
		56C8607A1C1C28FF00D44C43 /* Main.storyboard in Resources */ = {isa = PBXBuildFile; fileRef = 56C860781C1C28FF00D44C43 /* Main.storyboard */; };
		56C8607C1C1C28FF00D44C43 /* Assets.xcassets in Resources */ = {isa = PBXBuildFile; fileRef = 56C8607B1C1C28FF00D44C43 /* Assets.xcassets */; };
		56C8607F1C1C28FF00D44C43 /* LaunchScreen.storyboard in Resources */ = {isa = PBXBuildFile; fileRef = 56C8607D1C1C28FF00D44C43 /* LaunchScreen.storyboard */; };
		56C8608A1C1C290000D44C43 /* SegmentedSearchTests.swift in Sources */ = {isa = PBXBuildFile; fileRef = 56C860891C1C290000D44C43 /* SegmentedSearchTests.swift */; };
		56C860951C1C290000D44C43 /* SegmentedSearchUITests.swift in Sources */ = {isa = PBXBuildFile; fileRef = 56C860941C1C290000D44C43 /* SegmentedSearchUITests.swift */; };
		56C860A31C1D2AC600D44C43 /* SegmentedControl.swift in Sources */ = {isa = PBXBuildFile; fileRef = 56C860A21C1D2AC600D44C43 /* SegmentedControl.swift */; settings = {ASSET_TAGS = (); }; };
		56C860A51C1D73DA00D44C43 /* MainVCViewController.swift in Sources */ = {isa = PBXBuildFile; fileRef = 56C860A41C1D73DA00D44C43 /* MainVCViewController.swift */; settings = {ASSET_TAGS = (); }; };
/* End PBXBuildFile section */

/* Begin PBXContainerItemProxy section */
		56C860861C1C290000D44C43 /* PBXContainerItemProxy */ = {
			isa = PBXContainerItemProxy;
			containerPortal = 56C860691C1C28FF00D44C43 /* Project object */;
			proxyType = 1;
			remoteGlobalIDString = 56C860701C1C28FF00D44C43;
			remoteInfo = SegmentedSearch;
		};
		56C860911C1C290000D44C43 /* PBXContainerItemProxy */ = {
			isa = PBXContainerItemProxy;
			containerPortal = 56C860691C1C28FF00D44C43 /* Project object */;
			proxyType = 1;
			remoteGlobalIDString = 56C860701C1C28FF00D44C43;
			remoteInfo = SegmentedSearch;
		};
/* End PBXContainerItemProxy section */

/* Begin PBXFileReference section */
		56C860711C1C28FF00D44C43 /* SegmentedSearch.app */ = {isa = PBXFileReference; explicitFileType = wrapper.application; includeInIndex = 0; path = SegmentedSearch.app; sourceTree = BUILT_PRODUCTS_DIR; };
		56C860741C1C28FF00D44C43 /* AppDelegate.swift */ = {isa = PBXFileReference; lastKnownFileType = sourcecode.swift; path = AppDelegate.swift; sourceTree = "<group>"; };
		56C860761C1C28FF00D44C43 /* ViewController.swift */ = {isa = PBXFileReference; lastKnownFileType = sourcecode.swift; path = ViewController.swift; sourceTree = "<group>"; };
		56C860791C1C28FF00D44C43 /* Base */ = {isa = PBXFileReference; lastKnownFileType = file.storyboard; name = Base; path = Base.lproj/Main.storyboard; sourceTree = "<group>"; };
		56C8607B1C1C28FF00D44C43 /* Assets.xcassets */ = {isa = PBXFileReference; lastKnownFileType = folder.assetcatalog; path = Assets.xcassets; sourceTree = "<group>"; };
		56C8607E1C1C28FF00D44C43 /* Base */ = {isa = PBXFileReference; lastKnownFileType = file.storyboard; name = Base; path = Base.lproj/LaunchScreen.storyboard; sourceTree = "<group>"; };
		56C860801C1C28FF00D44C43 /* Info.plist */ = {isa = PBXFileReference; lastKnownFileType = text.plist.xml; path = Info.plist; sourceTree = "<group>"; };
		56C860851C1C290000D44C43 /* SegmentedSearchTests.xctest */ = {isa = PBXFileReference; explicitFileType = wrapper.cfbundle; includeInIndex = 0; path = SegmentedSearchTests.xctest; sourceTree = BUILT_PRODUCTS_DIR; };
		56C860891C1C290000D44C43 /* SegmentedSearchTests.swift */ = {isa = PBXFileReference; lastKnownFileType = sourcecode.swift; path = SegmentedSearchTests.swift; sourceTree = "<group>"; };
		56C8608B1C1C290000D44C43 /* Info.plist */ = {isa = PBXFileReference; lastKnownFileType = text.plist.xml; path = Info.plist; sourceTree = "<group>"; };
		56C860901C1C290000D44C43 /* SegmentedSearchUITests.xctest */ = {isa = PBXFileReference; explicitFileType = wrapper.cfbundle; includeInIndex = 0; path = SegmentedSearchUITests.xctest; sourceTree = BUILT_PRODUCTS_DIR; };
		56C860941C1C290000D44C43 /* SegmentedSearchUITests.swift */ = {isa = PBXFileReference; lastKnownFileType = sourcecode.swift; path = SegmentedSearchUITests.swift; sourceTree = "<group>"; };
		56C860961C1C290000D44C43 /* Info.plist */ = {isa = PBXFileReference; lastKnownFileType = text.plist.xml; path = Info.plist; sourceTree = "<group>"; };
		56C860A21C1D2AC600D44C43 /* SegmentedControl.swift */ = {isa = PBXFileReference; fileEncoding = 4; lastKnownFileType = sourcecode.swift; name = SegmentedControl.swift; path = "../../../../Downloads/segmentedcontroller-master/SegmentedController/SegmentedControl.swift"; sourceTree = "<group>"; };
		56C860A41C1D73DA00D44C43 /* MainVCViewController.swift */ = {isa = PBXFileReference; fileEncoding = 4; lastKnownFileType = sourcecode.swift; path = MainVCViewController.swift; sourceTree = "<group>"; };
/* End PBXFileReference section */

/* Begin PBXFrameworksBuildPhase section */
		56C8606E1C1C28FF00D44C43 /* Frameworks */ = {
			isa = PBXFrameworksBuildPhase;
			buildActionMask = 2147483647;
			files = (
			);
			runOnlyForDeploymentPostprocessing = 0;
		};
		56C860821C1C290000D44C43 /* Frameworks */ = {
			isa = PBXFrameworksBuildPhase;
			buildActionMask = 2147483647;
			files = (
			);
			runOnlyForDeploymentPostprocessing = 0;
		};
		56C8608D1C1C290000D44C43 /* Frameworks */ = {
			isa = PBXFrameworksBuildPhase;
			buildActionMask = 2147483647;
			files = (
			);
			runOnlyForDeploymentPostprocessing = 0;
		};
/* End PBXFrameworksBuildPhase section */

/* Begin PBXGroup section */
		56C860681C1C28FF00D44C43 = {
			isa = PBXGroup;
			children = (
				56C860731C1C28FF00D44C43 /* SegmentedSearch */,
				56C860881C1C290000D44C43 /* SegmentedSearchTests */,
				56C860931C1C290000D44C43 /* SegmentedSearchUITests */,
				56C860721C1C28FF00D44C43 /* Products */,
			);
			sourceTree = "<group>";
		};
		56C860721C1C28FF00D44C43 /* Products */ = {
			isa = PBXGroup;
			children = (
				56C860711C1C28FF00D44C43 /* SegmentedSearch.app */,
				56C860851C1C290000D44C43 /* SegmentedSearchTests.xctest */,
				56C860901C1C290000D44C43 /* SegmentedSearchUITests.xctest */,
			);
			name = Products;
			sourceTree = "<group>";
		};
		56C860731C1C28FF00D44C43 /* SegmentedSearch */ = {
			isa = PBXGroup;
			children = (
				56C860A21C1D2AC600D44C43 /* SegmentedControl.swift */,
				56C860741C1C28FF00D44C43 /* AppDelegate.swift */,
				56C860761C1C28FF00D44C43 /* ViewController.swift */,
				56C860781C1C28FF00D44C43 /* Main.storyboard */,
				56C8607B1C1C28FF00D44C43 /* Assets.xcassets */,
				56C8607D1C1C28FF00D44C43 /* LaunchScreen.storyboard */,
				56C860801C1C28FF00D44C43 /* Info.plist */,
				56C860A41C1D73DA00D44C43 /* MainVCViewController.swift */,
			);
			path = SegmentedSearch;
			sourceTree = "<group>";
		};
		56C860881C1C290000D44C43 /* SegmentedSearchTests */ = {
			isa = PBXGroup;
			children = (
				56C860891C1C290000D44C43 /* SegmentedSearchTests.swift */,
				56C8608B1C1C290000D44C43 /* Info.plist */,
			);
			path = SegmentedSearchTests;
			sourceTree = "<group>";
		};
		56C860931C1C290000D44C43 /* SegmentedSearchUITests */ = {
			isa = PBXGroup;
			children = (
				56C860941C1C290000D44C43 /* SegmentedSearchUITests.swift */,
				56C860961C1C290000D44C43 /* Info.plist */,
			);
			path = SegmentedSearchUITests;
			sourceTree = "<group>";
		};
/* End PBXGroup section */

/* Begin PBXNativeTarget section */
		56C860701C1C28FF00D44C43 /* SegmentedSearch */ = {
			isa = PBXNativeTarget;
			buildConfigurationList = 56C860991C1C290000D44C43 /* Build configuration list for PBXNativeTarget "SegmentedSearch" */;
			buildPhases = (
				56C8606D1C1C28FF00D44C43 /* Sources */,
				56C8606E1C1C28FF00D44C43 /* Frameworks */,
				56C8606F1C1C28FF00D44C43 /* Resources */,
			);
			buildRules = (
			);
			dependencies = (
			);
			name = SegmentedSearch;
			productName = SegmentedSearch;
			productReference = 56C860711C1C28FF00D44C43 /* SegmentedSearch.app */;
			productType = "com.apple.product-type.application";
		};
		56C860841C1C290000D44C43 /* SegmentedSearchTests */ = {
			isa = PBXNativeTarget;
			buildConfigurationList = 56C8609C1C1C290000D44C43 /* Build configuration list for PBXNativeTarget "SegmentedSearchTests" */;
			buildPhases = (
				56C860811C1C290000D44C43 /* Sources */,
				56C860821C1C290000D44C43 /* Frameworks */,
				56C860831C1C290000D44C43 /* Resources */,
			);
			buildRules = (
			);
			dependencies = (
				56C860871C1C290000D44C43 /* PBXTargetDependency */,
			);
			name = SegmentedSearchTests;
			productName = SegmentedSearchTests;
			productReference = 56C860851C1C290000D44C43 /* SegmentedSearchTests.xctest */;
			productType = "com.apple.product-type.bundle.unit-test";
		};
		56C8608F1C1C290000D44C43 /* SegmentedSearchUITests */ = {
			isa = PBXNativeTarget;
			buildConfigurationList = 56C8609F1C1C290000D44C43 /* Build configuration list for PBXNativeTarget "SegmentedSearchUITests" */;
			buildPhases = (
				56C8608C1C1C290000D44C43 /* Sources */,
				56C8608D1C1C290000D44C43 /* Frameworks */,
				56C8608E1C1C290000D44C43 /* Resources */,
			);
			buildRules = (
			);
			dependencies = (
				56C860921C1C290000D44C43 /* PBXTargetDependency */,
			);
			name = SegmentedSearchUITests;
			productName = SegmentedSearchUITests;
			productReference = 56C860901C1C290000D44C43 /* SegmentedSearchUITests.xctest */;
			productType = "com.apple.product-type.bundle.ui-testing";
		};
/* End PBXNativeTarget section */

/* Begin PBXProject section */
		56C860691C1C28FF00D44C43 /* Project object */ = {
			isa = PBXProject;
			attributes = {
				LastUpgradeCheck = 0700;
				ORGANIZATIONNAME = HDG;
				TargetAttributes = {
					56C860701C1C28FF00D44C43 = {
						CreatedOnToolsVersion = 7.0.1;
					};
					56C860841C1C290000D44C43 = {
						CreatedOnToolsVersion = 7.0.1;
						TestTargetID = 56C860701C1C28FF00D44C43;
					};
					56C8608F1C1C290000D44C43 = {
						CreatedOnToolsVersion = 7.0.1;
						TestTargetID = 56C860701C1C28FF00D44C43;
					};
				};
			};
			buildConfigurationList = 56C8606C1C1C28FF00D44C43 /* Build configuration list for PBXProject "SegmentedSearch" */;
			compatibilityVersion = "Xcode 3.2";
			developmentRegion = English;
			hasScannedForEncodings = 0;
			knownRegions = (
				en,
				Base,
			);
			mainGroup = 56C860681C1C28FF00D44C43;
			productRefGroup = 56C860721C1C28FF00D44C43 /* Products */;
			projectDirPath = "";
			projectRoot = "";
			targets = (
				56C860701C1C28FF00D44C43 /* SegmentedSearch */,
				56C860841C1C290000D44C43 /* SegmentedSearchTests */,
				56C8608F1C1C290000D44C43 /* SegmentedSearchUITests */,
			);
		};
/* End PBXProject section */

/* Begin PBXResourcesBuildPhase section */
		56C8606F1C1C28FF00D44C43 /* Resources */ = {
			isa = PBXResourcesBuildPhase;
			buildActionMask = 2147483647;
			files = (
				56C8607F1C1C28FF00D44C43 /* LaunchScreen.storyboard in Resources */,
				56C8607C1C1C28FF00D44C43 /* Assets.xcassets in Resources */,
				56C8607A1C1C28FF00D44C43 /* Main.storyboard in Resources */,
			);
			runOnlyForDeploymentPostprocessing = 0;
		};
		56C860831C1C290000D44C43 /* Resources */ = {
			isa = PBXResourcesBuildPhase;
			buildActionMask = 2147483647;
			files = (
			);
			runOnlyForDeploymentPostprocessing = 0;
		};
		56C8608E1C1C290000D44C43 /* Resources */ = {
			isa = PBXResourcesBuildPhase;
			buildActionMask = 2147483647;
			files = (
			);
			runOnlyForDeploymentPostprocessing = 0;
		};
/* End PBXResourcesBuildPhase section */

/* Begin PBXSourcesBuildPhase section */
		56C8606D1C1C28FF00D44C43 /* Sources */ = {
			isa = PBXSourcesBuildPhase;
			buildActionMask = 2147483647;
			files = (
				56C860771C1C28FF00D44C43 /* ViewController.swift in Sources */,
				56C860A31C1D2AC600D44C43 /* SegmentedControl.swift in Sources */,
				56C860A51C1D73DA00D44C43 /* MainVCViewController.swift in Sources */,
				56C860751C1C28FF00D44C43 /* AppDelegate.swift in Sources */,
			);
			runOnlyForDeploymentPostprocessing = 0;
		};
		56C860811C1C290000D44C43 /* Sources */ = {
			isa = PBXSourcesBuildPhase;
			buildActionMask = 2147483647;
			files = (
				56C8608A1C1C290000D44C43 /* SegmentedSearchTests.swift in Sources */,
			);
			runOnlyForDeploymentPostprocessing = 0;
		};
		56C8608C1C1C290000D44C43 /* Sources */ = {
			isa = PBXSourcesBuildPhase;
			buildActionMask = 2147483647;
			files = (
				56C860951C1C290000D44C43 /* SegmentedSearchUITests.swift in Sources */,
			);
			runOnlyForDeploymentPostprocessing = 0;
		};
/* End PBXSourcesBuildPhase section */

/* Begin PBXTargetDependency section */
		56C860871C1C290000D44C43 /* PBXTargetDependency */ = {
			isa = PBXTargetDependency;
			target = 56C860701C1C28FF00D44C43 /* SegmentedSearch */;
			targetProxy = 56C860861C1C290000D44C43 /* PBXContainerItemProxy */;
		};
		56C860921C1C290000D44C43 /* PBXTargetDependency */ = {
			isa = PBXTargetDependency;
			target = 56C860701C1C28FF00D44C43 /* SegmentedSearch */;
			targetProxy = 56C860911C1C290000D44C43 /* PBXContainerItemProxy */;
		};
/* End PBXTargetDependency section */

/* Begin PBXVariantGroup section */
		56C860781C1C28FF00D44C43 /* Main.storyboard */ = {
			isa = PBXVariantGroup;
			children = (
				56C860791C1C28FF00D44C43 /* Base */,
			);
			name = Main.storyboard;
			sourceTree = "<group>";
		};
		56C8607D1C1C28FF00D44C43 /* LaunchScreen.storyboard */ = {
			isa = PBXVariantGroup;
			children = (
				56C8607E1C1C28FF00D44C43 /* Base */,
			);
			name = LaunchScreen.storyboard;
			sourceTree = "<group>";
		};
/* End PBXVariantGroup section */

/* Begin XCBuildConfiguration section */
		56C860971C1C290000D44C43 /* Debug */ = {
			isa = XCBuildConfiguration;
			buildSettings = {
				ALWAYS_SEARCH_USER_PATHS = NO;
				CLANG_CXX_LANGUAGE_STANDARD = "gnu++0x";
				CLANG_CXX_LIBRARY = "libc++";
				CLANG_ENABLE_MODULES = YES;
				CLANG_ENABLE_OBJC_ARC = YES;
				CLANG_WARN_BOOL_CONVERSION = YES;
				CLANG_WARN_CONSTANT_CONVERSION = YES;
				CLANG_WARN_DIRECT_OBJC_ISA_USAGE = YES_ERROR;
				CLANG_WARN_EMPTY_BODY = YES;
				CLANG_WARN_ENUM_CONVERSION = YES;
				CLANG_WARN_INT_CONVERSION = YES;
				CLANG_WARN_OBJC_ROOT_CLASS = YES_ERROR;
				CLANG_WARN_UNREACHABLE_CODE = YES;
				CLANG_WARN__DUPLICATE_METHOD_MATCH = YES;
				"CODE_SIGN_IDENTITY[sdk=iphoneos*]" = "iPhone Developer";
				COPY_PHASE_STRIP = NO;
				DEBUG_INFORMATION_FORMAT = dwarf;
				ENABLE_STRICT_OBJC_MSGSEND = YES;
				ENABLE_TESTABILITY = YES;
				GCC_C_LANGUAGE_STANDARD = gnu99;
				GCC_DYNAMIC_NO_PIC = NO;
				GCC_NO_COMMON_BLOCKS = YES;
				GCC_OPTIMIZATION_LEVEL = 0;
				GCC_PREPROCESSOR_DEFINITIONS = (
					"DEBUG=1",
					"$(inherited)",
				);
				GCC_WARN_64_TO_32_BIT_CONVERSION = YES;
				GCC_WARN_ABOUT_RETURN_TYPE = YES_ERROR;
				GCC_WARN_UNDECLARED_SELECTOR = YES;
				GCC_WARN_UNINITIALIZED_AUTOS = YES_AGGRESSIVE;
				GCC_WARN_UNUSED_FUNCTION = YES;
				GCC_WARN_UNUSED_VARIABLE = YES;
				IPHONEOS_DEPLOYMENT_TARGET = 9.0;
				MTL_ENABLE_DEBUG_INFO = YES;
				ONLY_ACTIVE_ARCH = YES;
				SDKROOT = iphoneos;
				SWIFT_OPTIMIZATION_LEVEL = "-Onone";
				TARGETED_DEVICE_FAMILY = "1,2";
			};
			name = Debug;
		};
		56C860981C1C290000D44C43 /* Release */ = {
			isa = XCBuildConfiguration;
			buildSettings = {
				ALWAYS_SEARCH_USER_PATHS = NO;
				CLANG_CXX_LANGUAGE_STANDARD = "gnu++0x";
				CLANG_CXX_LIBRARY = "libc++";
				CLANG_ENABLE_MODULES = YES;
				CLANG_ENABLE_OBJC_ARC = YES;
				CLANG_WARN_BOOL_CONVERSION = YES;
				CLANG_WARN_CONSTANT_CONVERSION = YES;
				CLANG_WARN_DIRECT_OBJC_ISA_USAGE = YES_ERROR;
				CLANG_WARN_EMPTY_BODY = YES;
				CLANG_WARN_ENUM_CONVERSION = YES;
				CLANG_WARN_INT_CONVERSION = YES;
				CLANG_WARN_OBJC_ROOT_CLASS = YES_ERROR;
				CLANG_WARN_UNREACHABLE_CODE = YES;
				CLANG_WARN__DUPLICATE_METHOD_MATCH = YES;
				"CODE_SIGN_IDENTITY[sdk=iphoneos*]" = "iPhone Developer";
				COPY_PHASE_STRIP = NO;
				DEBUG_INFORMATION_FORMAT = "dwarf-with-dsym";
				ENABLE_NS_ASSERTIONS = NO;
				ENABLE_STRICT_OBJC_MSGSEND = YES;
				GCC_C_LANGUAGE_STANDARD = gnu99;
				GCC_NO_COMMON_BLOCKS = YES;
				GCC_WARN_64_TO_32_BIT_CONVERSION = YES;
				GCC_WARN_ABOUT_RETURN_TYPE = YES_ERROR;
				GCC_WARN_UNDECLARED_SELECTOR = YES;
				GCC_WARN_UNINITIALIZED_AUTOS = YES_AGGRESSIVE;
				GCC_WARN_UNUSED_FUNCTION = YES;
				GCC_WARN_UNUSED_VARIABLE = YES;
				IPHONEOS_DEPLOYMENT_TARGET = 9.0;
				MTL_ENABLE_DEBUG_INFO = NO;
				SDKROOT = iphoneos;
				TARGETED_DEVICE_FAMILY = "1,2";
				VALIDATE_PRODUCT = YES;
			};
			name = Release;
		};
		56C8609A1C1C290000D44C43 /* Debug */ = {
			isa = XCBuildConfiguration;
			buildSettings = {
				ASSETCATALOG_COMPILER_APPICON_NAME = AppIcon;
				INFOPLIST_FILE = SegmentedSearch/Info.plist;
				LD_RUNPATH_SEARCH_PATHS = "$(inherited) @executable_path/Frameworks";
				PRODUCT_BUNDLE_IDENTIFIER = com.hdg.SegmentedSearch;
				PRODUCT_NAME = "$(TARGET_NAME)";
			};
			name = Debug;
		};
		56C8609B1C1C290000D44C43 /* Release */ = {
			isa = XCBuildConfiguration;
			buildSettings = {
				ASSETCATALOG_COMPILER_APPICON_NAME = AppIcon;
				INFOPLIST_FILE = SegmentedSearch/Info.plist;
				LD_RUNPATH_SEARCH_PATHS = "$(inherited) @executable_path/Frameworks";
				PRODUCT_BUNDLE_IDENTIFIER = com.hdg.SegmentedSearch;
				PRODUCT_NAME = "$(TARGET_NAME)";
			};
			name = Release;
		};
		56C8609D1C1C290000D44C43 /* Debug */ = {
			isa = XCBuildConfiguration;
			buildSettings = {
				BUNDLE_LOADER = "$(TEST_HOST)";
				INFOPLIST_FILE = SegmentedSearchTests/Info.plist;
				LD_RUNPATH_SEARCH_PATHS = "$(inherited) @executable_path/Frameworks @loader_path/Frameworks";
				PRODUCT_BUNDLE_IDENTIFIER = com.hdg.SegmentedSearchTests;
				PRODUCT_NAME = "$(TARGET_NAME)";
				TEST_HOST = "$(BUILT_PRODUCTS_DIR)/SegmentedSearch.app/SegmentedSearch";
			};
			name = Debug;
		};
		56C8609E1C1C290000D44C43 /* Release */ = {
			isa = XCBuildConfiguration;
			buildSettings = {
				BUNDLE_LOADER = "$(TEST_HOST)";
				INFOPLIST_FILE = SegmentedSearchTests/Info.plist;
				LD_RUNPATH_SEARCH_PATHS = "$(inherited) @executable_path/Frameworks @loader_path/Frameworks";
				PRODUCT_BUNDLE_IDENTIFIER = com.hdg.SegmentedSearchTests;
				PRODUCT_NAME = "$(TARGET_NAME)";
				TEST_HOST = "$(BUILT_PRODUCTS_DIR)/SegmentedSearch.app/SegmentedSearch";
			};
			name = Release;
		};
		56C860A01C1C290000D44C43 /* Debug */ = {
			isa = XCBuildConfiguration;
			buildSettings = {
				INFOPLIST_FILE = SegmentedSearchUITests/Info.plist;
				LD_RUNPATH_SEARCH_PATHS = "$(inherited) @executable_path/Frameworks @loader_path/Frameworks";
				PRODUCT_BUNDLE_IDENTIFIER = com.hdg.SegmentedSearchUITests;
				PRODUCT_NAME = "$(TARGET_NAME)";
				TEST_TARGET_NAME = SegmentedSearch;
				USES_XCTRUNNER = YES;
			};
			name = Debug;
		};
		56C860A11C1C290000D44C43 /* Release */ = {
			isa = XCBuildConfiguration;
			buildSettings = {
				INFOPLIST_FILE = SegmentedSearchUITests/Info.plist;
				LD_RUNPATH_SEARCH_PATHS = "$(inherited) @executable_path/Frameworks @loader_path/Frameworks";
				PRODUCT_BUNDLE_IDENTIFIER = com.hdg.SegmentedSearchUITests;
				PRODUCT_NAME = "$(TARGET_NAME)";
				TEST_TARGET_NAME = SegmentedSearch;
				USES_XCTRUNNER = YES;
			};
			name = Release;
		};
/* End XCBuildConfiguration section */

/* Begin XCConfigurationList section */
		56C8606C1C1C28FF00D44C43 /* Build configuration list for PBXProject "SegmentedSearch" */ = {
			isa = XCConfigurationList;
			buildConfigurations = (
				56C860971C1C290000D44C43 /* Debug */,
				56C860981C1C290000D44C43 /* Release */,
			);
			defaultConfigurationIsVisible = 0;
			defaultConfigurationName = Release;
		};
		56C860991C1C290000D44C43 /* Build configuration list for PBXNativeTarget "SegmentedSearch" */ = {
			isa = XCConfigurationList;
			buildConfigurations = (
				56C8609A1C1C290000D44C43 /* Debug */,
				56C8609B1C1C290000D44C43 /* Release */,
			);
			defaultConfigurationIsVisible = 0;
		};
		56C8609C1C1C290000D44C43 /* Build configuration list for PBXNativeTarget "SegmentedSearchTests" */ = {
			isa = XCConfigurationList;
			buildConfigurations = (
				56C8609D1C1C290000D44C43 /* Debug */,
				56C8609E1C1C290000D44C43 /* Release */,
			);
			defaultConfigurationIsVisible = 0;
		};
		56C8609F1C1C290000D44C43 /* Build configuration list for PBXNativeTarget "SegmentedSearchUITests" */ = {
			isa = XCConfigurationList;
			buildConfigurations = (
				56C860A01C1C290000D44C43 /* Debug */,
				56C860A11C1C290000D44C43 /* Release */,
			);
			defaultConfigurationIsVisible = 0;
		};
/* End XCConfigurationList section */
	};
	rootObject = 56C860691C1C28FF00D44C43 /* Project object */;
}
